
Microsoft Visual Studio Solution File, Format Version 12.00
# Visual Studio Version 16
VisualStudioVersion = 16.0.31911.196
MinimumVisualStudioVersion = 10.0.40219.1
Project("{FAE04EC0-301F-11D3-BF4B-00C04F79EFBC}") = "DllWork", "DllWork\DllWork.csproj", "{DE1A60E9-927F-47D4-A1B9-236D59BE9320}"
EndProject
Global
	GlobalSection(SolutionConfigurationPlatforms) = preSolution
		Debug|Any CPU = Debug|Any CPU
		Release|Any CPU = Release|Any CPU
	EndGlobalSection
	GlobalSection(ProjectConfigurationPlatforms) = postSolution
		{DE1A60E9-927F-47D4-A1B9-236D59BE9320}.Debug|Any CPU.ActiveCfg = Debug|Any CPU
		{DE1A60E9-927F-47D4-A1B9-236D59BE9320}.Debug|Any CPU.Build.0 = Debug|Any CPU
		{DE1A60E9-927F-47D4-A1B9-236D59BE9320}.Release|Any CPU.ActiveCfg = Release|Any CPU
		{DE1A60E9-927F-47D4-A1B9-236D59BE9320}.Release|Any CPU.Build.0 = Release|Any CPU
	EndGlobalSection
	GlobalSection(SolutionProperties) = preSolution
		HideSolutionNode = FALSE
	EndGlobalSection
	GlobalSection(ExtensibilityGlobals) = postSolution
		SolutionGuid = {E9B00780-E083-4F6B-A989-57E927E5491F}
	EndGlobalSection
EndGlobal
